// !$*UTF8*$!
{
	archiveVersion = 1;
	classes = {
	};
	objectVersion = 56;
	objects = {

/* Begin PBXBuildFile section */
		9095908D2962F82D003E9E97 /* SwiftUI_UberEatsMenuApp.swift in Sources */ = {isa = PBXBuildFile; fileRef = 9095908C2962F82D003E9E97 /* SwiftUI_UberEatsMenuApp.swift */; };
		9095908F2962F82D003E9E97 /* ContentView.swift in Sources */ = {isa = PBXBuildFile; fileRef = 9095908E2962F82D003E9E97 /* ContentView.swift */; };
		909590912962F82F003E9E97 /* Assets.xcassets in Resources */ = {isa = PBXBuildFile; fileRef = 909590902962F82F003E9E97 /* Assets.xcassets */; };
		909590942962F82F003E9E97 /* Preview Assets.xcassets in Resources */ = {isa = PBXBuildFile; fileRef = 909590932962F82F003E9E97 /* Preview Assets.xcassets */; };
		9095909B2962F9B0003E9E97 /* MenuBarOptions.swift in Sources */ = {isa = PBXBuildFile; fileRef = 9095909A2962F9B0003E9E97 /* MenuBarOptions.swift */; };
		9095909D2962FA78003E9E97 /* MenuOptionsList.swift in Sources */ = {isa = PBXBuildFile; fileRef = 9095909C2962FA78003E9E97 /* MenuOptionsList.swift */; };
		9095909F29630E2D003E9E97 /* MenuItemSection.swift in Sources */ = {isa = PBXBuildFile; fileRef = 9095909E29630E2D003E9E97 /* MenuItemSection.swift */; };
		909590A129630EA9003E9E97 /* FoodItem.swift in Sources */ = {isa = PBXBuildFile; fileRef = 909590A029630EA9003E9E97 /* FoodItem.swift */; };
		909590A329631FBB003E9E97 /* OffsetKey.swift in Sources */ = {isa = PBXBuildFile; fileRef = 909590A229631FBB003E9E97 /* OffsetKey.swift */; };
		909590A529631FC3003E9E97 /* OffsetModifier.swift in Sources */ = {isa = PBXBuildFile; fileRef = 909590A429631FC3003E9E97 /* OffsetModifier.swift */; };
/* End PBXBuildFile section */

/* Begin PBXFileReference section */
		909590892962F82D003E9E97 /* SwiftUI-UberEatsMenu.app */ = {isa = PBXFileReference; explicitFileType = wrapper.application; includeInIndex = 0; path = "SwiftUI-UberEatsMenu.app"; sourceTree = BUILT_PRODUCTS_DIR; };
		9095908C2962F82D003E9E97 /* SwiftUI_UberEatsMenuApp.swift */ = {isa = PBXFileReference; lastKnownFileType = sourcecode.swift; path = SwiftUI_UberEatsMenuApp.swift; sourceTree = "<group>"; };
		9095908E2962F82D003E9E97 /* ContentView.swift */ = {isa = PBXFileReference; lastKnownFileType = sourcecode.swift; path = ContentView.swift; sourceTree = "<group>"; };
		909590902962F82F003E9E97 /* Assets.xcassets */ = {isa = PBXFileReference; lastKnownFileType = folder.assetcatalog; path = Assets.xcassets; sourceTree = "<group>"; };
		909590932962F82F003E9E97 /* Preview Assets.xcassets */ = {isa = PBXFileReference; lastKnownFileType = folder.assetcatalog; path = "Preview Assets.xcassets"; sourceTree = "<group>"; };
		9095909A2962F9B0003E9E97 /* MenuBarOptions.swift */ = {isa = PBXFileReference; lastKnownFileType = sourcecode.swift; path = MenuBarOptions.swift; sourceTree = "<group>"; };
		9095909C2962FA78003E9E97 /* MenuOptionsList.swift */ = {isa = PBXFileReference; lastKnownFileType = sourcecode.swift; path = MenuOptionsList.swift; sourceTree = "<group>"; };
		9095909E29630E2D003E9E97 /* MenuItemSection.swift */ = {isa = PBXFileReference; lastKnownFileType = sourcecode.swift; path = MenuItemSection.swift; sourceTree = "<group>"; };
		909590A029630EA9003E9E97 /* FoodItem.swift */ = {isa = PBXFileReference; lastKnownFileType = sourcecode.swift; path = FoodItem.swift; sourceTree = "<group>"; };
		909590A229631FBB003E9E97 /* OffsetKey.swift */ = {isa = PBXFileReference; lastKnownFileType = sourcecode.swift; path = OffsetKey.swift; sourceTree = "<group>"; };
		909590A429631FC3003E9E97 /* OffsetModifier.swift */ = {isa = PBXFileReference; lastKnownFileType = sourcecode.swift; path = OffsetModifier.swift; sourceTree = "<group>"; };
/* End PBXFileReference section */

/* Begin PBXFrameworksBuildPhase section */
		909590862962F82D003E9E97 /* Frameworks */ = {
			isa = PBXFrameworksBuildPhase;
			buildActionMask = 2147483647;
			files = (
			);
			runOnlyForDeploymentPostprocessing = 0;
		};
/* End PBXFrameworksBuildPhase section */

/* Begin PBXGroup section */
		909590802962F82D003E9E97 = {
			isa = PBXGroup;
			children = (
				9095908B2962F82D003E9E97 /* SwiftUI-UberEatsMenu */,
				9095908A2962F82D003E9E97 /* Products */,
			);
			sourceTree = "<group>";
		};
		9095908A2962F82D003E9E97 /* Products */ = {
			isa = PBXGroup;
			children = (
				909590892962F82D003E9E97 /* SwiftUI-UberEatsMenu.app */,
			);
			name = Products;
			sourceTree = "<group>";
		};
		9095908B2962F82D003E9E97 /* SwiftUI-UberEatsMenu */ = {
			isa = PBXGroup;
			children = (
				9095908C2962F82D003E9E97 /* SwiftUI_UberEatsMenuApp.swift */,
				9095908E2962F82D003E9E97 /* ContentView.swift */,
				909590902962F82F003E9E97 /* Assets.xcassets */,
				909590922962F82F003E9E97 /* Preview Content */,
				9095909A2962F9B0003E9E97 /* MenuBarOptions.swift */,
				9095909C2962FA78003E9E97 /* MenuOptionsList.swift */,
				9095909E29630E2D003E9E97 /* MenuItemSection.swift */,
				909590A029630EA9003E9E97 /* FoodItem.swift */,
				909590A229631FBB003E9E97 /* OffsetKey.swift */,
				909590A429631FC3003E9E97 /* OffsetModifier.swift */,
			);
			path = "SwiftUI-UberEatsMenu";
			sourceTree = "<group>";
		};
		909590922962F82F003E9E97 /* Preview Content */ = {
			isa = PBXGroup;
			children = (
				909590932962F82F003E9E97 /* Preview Assets.xcassets */,
			);
			path = "Preview Content";
			sourceTree = "<group>";
		};
/* End PBXGroup section */

/* Begin PBXNativeTarget section */
		909590882962F82D003E9E97 /* SwiftUI-UberEatsMenu */ = {
			isa = PBXNativeTarget;
			buildConfigurationList = 909590972962F82F003E9E97 /* Build configuration list for PBXNativeTarget "SwiftUI-UberEatsMenu" */;
			buildPhases = (
				909590852962F82D003E9E97 /* Sources */,
				909590862962F82D003E9E97 /* Frameworks */,
				909590872962F82D003E9E97 /* Resources */,
			);
			buildRules = (
			);
			dependencies = (
			);
			name = "SwiftUI-UberEatsMenu";
			productName = "SwiftUI-UberEatsMenu";
			productReference = 909590892962F82D003E9E97 /* SwiftUI-UberEatsMenu.app */;
			productType = "com.apple.product-type.application";
		};
/* End PBXNativeTarget section */

/* Begin PBXProject section */
		909590812962F82D003E9E97 /* Project object */ = {
			isa = PBXProject;
			attributes = {
				BuildIndependentTargetsInParallel = 1;
				LastSwiftUpdateCheck = 1420;
				LastUpgradeCheck = 1420;
				TargetAttributes = {
					909590882962F82D003E9E97 = {
						CreatedOnToolsVersion = 14.2;
					};
				};
			};
			buildConfigurationList = 909590842962F82D003E9E97 /* Build configuration list for PBXProject "SwiftUI-UberEatsMenu" */;
			compatibilityVersion = "Xcode 14.0";
			developmentRegion = en;
			hasScannedForEncodings = 0;
			knownRegions = (
				en,
				Base,
			);
			mainGroup = 909590802962F82D003E9E97;
			productRefGroup = 9095908A2962F82D003E9E97 /* Products */;
			projectDirPath = "";
			projectRoot = "";
			targets = (
				909590882962F82D003E9E97 /* SwiftUI-UberEatsMenu */,
			);
		};
/* End PBXProject section */

/* Begin PBXResourcesBuildPhase section */
		909590872962F82D003E9E97 /* Resources */ = {
			isa = PBXResourcesBuildPhase;
			buildActionMask = 2147483647;
			files = (
				909590942962F82F003E9E97 /* Preview Assets.xcassets in Resources */,
				909590912962F82F003E9E97 /* Assets.xcassets in Resources */,
			);
			runOnlyForDeploymentPostprocessing = 0;
		};
/* End PBXResourcesBuildPhase section */

/* Begin PBXSourcesBuildPhase section */
		909590852962F82D003E9E97 /* Sources */ = {
			isa = PBXSourcesBuildPhase;
			buildActionMask = 2147483647;
			files = (
				9095908F2962F82D003E9E97 /* ContentView.swift in Sources */,
				9095909D2962FA78003E9E97 /* MenuOptionsList.swift in Sources */,
				9095908D2962F82D003E9E97 /* SwiftUI_UberEatsMenuApp.swift in Sources */,
				909590A329631FBB003E9E97 /* OffsetKey.swift in Sources */,
				9095909F29630E2D003E9E97 /* MenuItemSection.swift in Sources */,
				909590A529631FC3003E9E97 /* OffsetModifier.swift in Sources */,
				909590A129630EA9003E9E97 /* FoodItem.swift in Sources */,
				9095909B2962F9B0003E9E97 /* MenuBarOptions.swift in Sources */,
			);
			runOnlyForDeploymentPostprocessing = 0;
		};
/* End PBXSourcesBuildPhase section */

/* Begin XCBuildConfiguration section */
		909590952962F82F003E9E97 /* Debug */ = {
			isa = XCBuildConfiguration;
			buildSettings = {
				ALWAYS_SEARCH_USER_PATHS = NO;
				CLANG_ANALYZER_NONNULL = YES;
				CLANG_ANALYZER_NUMBER_OBJECT_CONVERSION = YES_AGGRESSIVE;
				CLANG_CXX_LANGUAGE_STANDARD = "gnu++20";
				CLANG_ENABLE_MODULES = YES;
				CLANG_ENABLE_OBJC_ARC = YES;
				CLANG_ENABLE_OBJC_WEAK = YES;
				CLANG_WARN_BLOCK_CAPTURE_AUTORELEASING = YES;
				CLANG_WARN_BOOL_CONVERSION = YES;
				CLANG_WARN_COMMA = YES;
				CLANG_WARN_CONSTANT_CONVERSION = YES;
				CLANG_WARN_DEPRECATED_OBJC_IMPLEMENTATIONS = YES;
				CLANG_WARN_DIRECT_OBJC_ISA_USAGE = YES_ERROR;
				CLANG_WARN_DOCUMENTATION_COMMENTS = YES;
				CLANG_WARN_EMPTY_BODY = YES;
				CLANG_WARN_ENUM_CONVERSION = YES;
				CLANG_WARN_INFINITE_RECURSION = YES;
				CLANG_WARN_INT_CONVERSION = YES;
				CLANG_WARN_NON_LITERAL_NULL_CONVERSION = YES;
				CLANG_WARN_OBJC_IMPLICIT_RETAIN_SELF = YES;
				CLANG_WARN_OBJC_LITERAL_CONVERSION = YES;
				CLANG_WARN_OBJC_ROOT_CLASS = YES_ERROR;
				CLANG_WARN_QUOTED_INCLUDE_IN_FRAMEWORK_HEADER = YES;
				CLANG_WARN_RANGE_LOOP_ANALYSIS = YES;
				CLANG_WARN_STRICT_PROTOTYPES = YES;
				CLANG_WARN_SUSPICIOUS_MOVE = YES;
				CLANG_WARN_UNGUARDED_AVAILABILITY = YES_AGGRESSIVE;
				CLANG_WARN_UNREACHABLE_CODE = YES;
				CLANG_WARN__DUPLICATE_METHOD_MATCH = YES;
				COPY_PHASE_STRIP = NO;
				DEBUG_INFORMATION_FORMAT = dwarf;
				ENABLE_STRICT_OBJC_MSGSEND = YES;
				ENABLE_TESTABILITY = YES;
				GCC_C_LANGUAGE_STANDARD = gnu11;
				GCC_DYNAMIC_NO_PIC = NO;
				GCC_NO_COMMON_BLOCKS = YES;
				GCC_OPTIMIZATION_LEVEL = 0;
				GCC_PREPROCESSOR_DEFINITIONS = (
					"DEBUG=1",
					"$(inherited)",
				);
				GCC_WARN_64_TO_32_BIT_CONVERSION = YES;
				GCC_WARN_ABOUT_RETURN_TYPE = YES_ERROR;
				GCC_WARN_UNDECLARED_SELECTOR = YES;
				GCC_WARN_UNINITIALIZED_AUTOS = YES_AGGRESSIVE;
				GCC_WARN_UNUSED_FUNCTION = YES;
				GCC_WARN_UNUSED_VARIABLE = YES;
				IPHONEOS_DEPLOYMENT_TARGET = 16.2;
				MTL_ENABLE_DEBUG_INFO = INCLUDE_SOURCE;
				MTL_FAST_MATH = YES;
				ONLY_ACTIVE_ARCH = YES;
				SDKROOT = iphoneos;
				SWIFT_ACTIVE_COMPILATION_CONDITIONS = DEBUG;
				SWIFT_OPTIMIZATION_LEVEL = "-Onone";
			};
			name = Debug;
		};
		909590962962F82F003E9E97 /* Release */ = {
			isa = XCBuildConfiguration;
			buildSettings = {
				ALWAYS_SEARCH_USER_PATHS = NO;
				CLANG_ANALYZER_NONNULL = YES;
				CLANG_ANALYZER_NUMBER_OBJECT_CONVERSION = YES_AGGRESSIVE;
				CLANG_CXX_LANGUAGE_STANDARD = "gnu++20";
				CLANG_ENABLE_MODULES = YES;
				CLANG_ENABLE_OBJC_ARC = YES;
				CLANG_ENABLE_OBJC_WEAK = YES;
				CLANG_WARN_BLOCK_CAPTURE_AUTORELEASING = YES;
				CLANG_WARN_BOOL_CONVERSION = YES;
				CLANG_WARN_COMMA = YES;
				CLANG_WARN_CONSTANT_CONVERSION = YES;
				CLANG_WARN_DEPRECATED_OBJC_IMPLEMENTATIONS = YES;
				CLANG_WARN_DIRECT_OBJC_ISA_USAGE = YES_ERROR;
				CLANG_WARN_DOCUMENTATION_COMMENTS = YES;
				CLANG_WARN_EMPTY_BODY = YES;
				CLANG_WARN_ENUM_CONVERSION = YES;
				CLANG_WARN_INFINITE_RECURSION = YES;
				CLANG_WARN_INT_CONVERSION = YES;
				CLANG_WARN_NON_LITERAL_NULL_CONVERSION = YES;
				CLANG_WARN_OBJC_IMPLICIT_RETAIN_SELF = YES;
				CLANG_WARN_OBJC_LITERAL_CONVERSION = YES;
				CLANG_WARN_OBJC_ROOT_CLASS = YES_ERROR;
				CLANG_WARN_QUOTED_INCLUDE_IN_FRAMEWORK_HEADER = YES;
				CLANG_WARN_RANGE_LOOP_ANALYSIS = YES;
				CLANG_WARN_STRICT_PROTOTYPES = YES;
				CLANG_WARN_SUSPICIOUS_MOVE = YES;
				CLANG_WARN_UNGUARDED_AVAILABILITY = YES_AGGRESSIVE;
				CLANG_WARN_UNREACHABLE_CODE = YES;
				CLANG_WARN__DUPLICATE_METHOD_MATCH = YES;
				COPY_PHASE_STRIP = NO;
				DEBUG_INFORMATION_FORMAT = "dwarf-with-dsym";
				ENABLE_NS_ASSERTIONS = NO;
				ENABLE_STRICT_OBJC_MSGSEND = YES;
				GCC_C_LANGUAGE_STANDARD = gnu11;
				GCC_NO_COMMON_BLOCKS = YES;
				GCC_WARN_64_TO_32_BIT_CONVERSION = YES;
				GCC_WARN_ABOUT_RETURN_TYPE = YES_ERROR;
				GCC_WARN_UNDECLARED_SELECTOR = YES;
				GCC_WARN_UNINITIALIZED_AUTOS = YES_AGGRESSIVE;
				GCC_WARN_UNUSED_FUNCTION = YES;
				GCC_WARN_UNUSED_VARIABLE = YES;
				IPHONEOS_DEPLOYMENT_TARGET = 16.2;
				MTL_ENABLE_DEBUG_INFO = NO;
				MTL_FAST_MATH = YES;
				SDKROOT = iphoneos;
				SWIFT_COMPILATION_MODE = wholemodule;
				SWIFT_OPTIMIZATION_LEVEL = "-O";
				VALIDATE_PRODUCT = YES;
			};
			name = Release;
		};
		909590982962F82F003E9E97 /* Debug */ = {
			isa = XCBuildConfiguration;
			buildSettings = {
				ASSETCATALOG_COMPILER_APPICON_NAME = AppIcon;
				ASSETCATALOG_COMPILER_GLOBAL_ACCENT_COLOR_NAME = AccentColor;
				CODE_SIGN_STYLE = Automatic;
				CURRENT_PROJECT_VERSION = 1;
				DEVELOPMENT_ASSET_PATHS = "\"SwiftUI-UberEatsMenu/Preview Content\"";
				DEVELOPMENT_TEAM = L26444XKX4;
				ENABLE_PREVIEWS = YES;
				GENERATE_INFOPLIST_FILE = YES;
				INFOPLIST_KEY_UIApplicationSceneManifest_Generation = YES;
				INFOPLIST_KEY_UIApplicationSupportsIndirectInputEvents = YES;
				INFOPLIST_KEY_UILaunchScreen_Generation = YES;
				INFOPLIST_KEY_UISupportedInterfaceOrientations_iPad = "UIInterfaceOrientationPortrait UIInterfaceOrientationPortraitUpsideDown UIInterfaceOrientationLandscapeLeft UIInterfaceOrientationLandscapeRight";
				INFOPLIST_KEY_UISupportedInterfaceOrientations_iPhone = "UIInterfaceOrientationPortrait UIInterfaceOrientationLandscapeLeft UIInterfaceOrientationLandscapeRight";
				LD_RUNPATH_SEARCH_PATHS = (
					"$(inherited)",
					"@executable_path/Frameworks",
				);
				MARKETING_VERSION = 1.0;
				PRODUCT_BUNDLE_IDENTIFIER = "com.yselimguner.SwiftUI-UberEatsMenu";
				PRODUCT_NAME = "$(TARGET_NAME)";
				SWIFT_EMIT_LOC_STRINGS = YES;
				SWIFT_VERSION = 5.0;
				TARGETED_DEVICE_FAMILY = "1,2";
			};
			name = Debug;
		};
		909590992962F82F003E9E97 /* Release */ = {
			isa = XCBuildConfiguration;
			buildSettings = {
				ASSETCATALOG_COMPILER_APPICON_NAME = AppIcon;
				ASSETCATALOG_COMPILER_GLOBAL_ACCENT_COLOR_NAME = AccentColor;
				CODE_SIGN_STYLE = Automatic;
				CURRENT_PROJECT_VERSION = 1;
				DEVELOPMENT_ASSET_PATHS = "\"SwiftUI-UberEatsMenu/Preview Content\"";
				DEVELOPMENT_TEAM = L26444XKX4;
				ENABLE_PREVIEWS = YES;
				GENERATE_INFOPLIST_FILE = YES;
				INFOPLIST_KEY_UIApplicationSceneManifest_Generation = YES;
				INFOPLIST_KEY_UIApplicationSupportsIndirectInputEvents = YES;
				INFOPLIST_KEY_UILaunchScreen_Generation = YES;
				INFOPLIST_KEY_UISupportedInterfaceOrientations_iPad = "UIInterfaceOrientationPortrait UIInterfaceOrientationPortraitUpsideDown UIInterfaceOrientationLandscapeLeft UIInterfaceOrientationLandscapeRight";
				INFOPLIST_KEY_UISupportedInterfaceOrientations_iPhone = "UIInterfaceOrientationPortrait UIInterfaceOrientationLandscapeLeft UIInterfaceOrientationLandscapeRight";
				LD_RUNPATH_SEARCH_PATHS = (
					"$(inherited)",
					"@executable_path/Frameworks",
				);
				MARKETING_VERSION = 1.0;
				PRODUCT_BUNDLE_IDENTIFIER = "com.yselimguner.SwiftUI-UberEatsMenu";
				PRODUCT_NAME = "$(TARGET_NAME)";
				SWIFT_EMIT_LOC_STRINGS = YES;
				SWIFT_VERSION = 5.0;
				TARGETED_DEVICE_FAMILY = "1,2";
			};
			name = Release;
		};
/* End XCBuildConfiguration section */

/* Begin XCConfigurationList section */
		909590842962F82D003E9E97 /* Build configuration list for PBXProject "SwiftUI-UberEatsMenu" */ = {
			isa = XCConfigurationList;
			buildConfigurations = (
				909590952962F82F003E9E97 /* Debug */,
				909590962962F82F003E9E97 /* Release */,
			);
			defaultConfigurationIsVisible = 0;
			defaultConfigurationName = Release;
		};
		909590972962F82F003E9E97 /* Build configuration list for PBXNativeTarget "SwiftUI-UberEatsMenu" */ = {
			isa = XCConfigurationList;
			buildConfigurations = (
				909590982962F82F003E9E97 /* Debug */,
				909590992962F82F003E9E97 /* Release */,
			);
			defaultConfigurationIsVisible = 0;
			defaultConfigurationName = Release;
		};
/* End XCConfigurationList section */
	};
	rootObject = 909590812962F82D003E9E97 /* Project object */;
}
